
Microsoft Visual Studio Solution File, Format Version 12.00
# Visual Studio Version 16
VisualStudioVersion = 16.0.30011.22
MinimumVisualStudioVersion = 10.0.40219.1
Project("{8BC9CEB8-8B4A-11D0-8D11-00A0C91BC942}") = "Physx.NetCore", "Physx.NetCore\Physx.NetCore.vcxproj", "{D0ACD1FC-265B-45B9-9F8F-2D37D954FDBC}"
EndProject
Global
	GlobalSection(SolutionConfigurationPlatforms) = preSolution
		Debug|x64 = Debug|x64
		Debug|x86 = Debug|x86
		Release|x64 = Release|x64
		Release|x86 = Release|x86
	EndGlobalSection
	GlobalSection(ProjectConfigurationPlatforms) = postSolution
		{D0ACD1FC-265B-45B9-9F8F-2D37D954FDBC}.Debug|x64.ActiveCfg = Debug|x64
		{D0ACD1FC-265B-45B9-9F8F-2D37D954FDBC}.Debug|x64.Build.0 = Debug|x64
		{D0ACD1FC-265B-45B9-9F8F-2D37D954FDBC}.Debug|x86.ActiveCfg = Debug|Win32
		{D0ACD1FC-265B-45B9-9F8F-2D37D954FDBC}.Debug|x86.Build.0 = Debug|Win32
		{D0ACD1FC-265B-45B9-9F8F-2D37D954FDBC}.Release|x64.ActiveCfg = Release|x64
		{D0ACD1FC-265B-45B9-9F8F-2D37D954FDBC}.Release|x64.Build.0 = Release|x64
		{D0ACD1FC-265B-45B9-9F8F-2D37D954FDBC}.Release|x86.ActiveCfg = Release|Win32
		{D0ACD1FC-265B-45B9-9F8F-2D37D954FDBC}.Release|x86.Build.0 = Release|Win32
	EndGlobalSection
	GlobalSection(SolutionProperties) = preSolution
		HideSolutionNode = FALSE
	EndGlobalSection
	GlobalSection(ExtensibilityGlobals) = postSolution
		SolutionGuid = {0020EE5C-8C73-4199-984E-69C3E702914B}
	EndGlobalSection
EndGlobal
