<?xml version="1.0" encoding="utf-8"?>
<Project ToolsVersion="4.0" xmlns="http://schemas.microsoft.com/developer/msbuild/2003">
  <ItemGroup>
    <Filter Include="Source Files">
      <UniqueIdentifier>{4FC737F1-C7A5-4376-A066-2A32D752A2FF}</UniqueIdentifier>
      <Extensions>cpp;c;cc;cxx;c++;def;odl;idl;hpj;bat;asm;asmx</Extensions>
    </Filter>
    <Filter Include="Header Files">
      <UniqueIdentifier>{93995380-89BD-4b04-88EB-625FBE52EBFB}</UniqueIdentifier>
      <Extensions>h;hh;hpp;hxx;h++;hm;inl;inc;ipp;xsd</Extensions>
    </Filter>
    <Filter Include="Resource Files">
      <UniqueIdentifier>{67DA6AB6-F800-4c08-8B7A-83BB121AAD01}</UniqueIdentifier>
      <Extensions>rc;ico;cur;bmp;dlg;rc2;rct;bin;rgs;gif;jpg;jpeg;jpe;resx;tiff;tif;png;wav;mfcribbon-ms</Extensions>
    </Filter>
  </ItemGroup>
  <ItemGroup>
    <ClInclude Include="Physx.NetCore.h">
      <Filter>Header Files</Filter>
    </ClInclude>
    <ClInclude Include="Resource.h">
      <Filter>Header Files</Filter>
    </ClInclude>
    <ClInclude Include="pch.h">
      <Filter>Header Files</Filter>
    </ClInclude>
    <ClInclude Include="Source\Actor.h">
      <Filter>Header Files</Filter>
    </ClInclude>
    <ClInclude Include="Source\ActorEnum.h">
      <Filter>Header Files</Filter>
    </ClInclude>
    <ClInclude Include="Source\ActorShape.h">
      <Filter>Header Files</Filter>
    </ClInclude>
    <ClInclude Include="Source\Aggregate.h">
      <Filter>Header Files</Filter>
    </ClInclude>
    <ClInclude Include="Source\Articulation.h">
      <Filter>Header Files</Filter>
    </ClInclude>
    <ClInclude Include="Source\ArticulationJoint.h">
      <Filter>Header Files</Filter>
    </ClInclude>
    <ClInclude Include="Source\ArticulationLink.h">
      <Filter>Header Files</Filter>
    </ClInclude>
    <ClInclude Include="Source\BatchQuery.h">
      <Filter>Header Files</Filter>
    </ClInclude>
    <ClInclude Include="Source\BatchQueryPostFilterShader.h">
      <Filter>Header Files</Filter>
    </ClInclude>
    <ClInclude Include="Source\BatchQueryPreFilterShader.h">
      <Filter>Header Files</Filter>
    </ClInclude>
    <ClInclude Include="Source\BitAndData.h">
      <Filter>Header Files</Filter>
    </ClInclude>
    <ClInclude Include="Source\Bounds3.h">
      <Filter>Header Files</Filter>
    </ClInclude>
    <ClInclude Include="Source\BoxController.h">
      <Filter>Header Files</Filter>
    </ClInclude>
    <ClInclude Include="Source\BoxControllerDesc.h">
      <Filter>Header Files</Filter>
    </ClInclude>
    <ClInclude Include="Source\BoxGeometry.h">
      <Filter>Header Files</Filter>
    </ClInclude>
    <ClInclude Include="Source\BoxObstacle.h">
      <Filter>Header Files</Filter>
    </ClInclude>
    <ClInclude Include="Source\BroadPhase.h">
      <Filter>Header Files</Filter>
    </ClInclude>
    <ClInclude Include="Source\BroadPhaseCallback.h">
      <Filter>Header Files</Filter>
    </ClInclude>
    <ClInclude Include="Source\BroadPhaseExt.h">
      <Filter>Header Files</Filter>
    </ClInclude>
    <ClInclude Include="Source\Bvh33MidphaseDesc.h">
      <Filter>Header Files</Filter>
    </ClInclude>
    <ClInclude Include="Source\Bvh34MidphaseDesc.h">
      <Filter>Header Files</Filter>
    </ClInclude>
    <ClInclude Include="Source\CapsuleController.h">
      <Filter>Header Files</Filter>
    </ClInclude>
    <ClInclude Include="Source\CapsuleControllerDesc.h">
      <Filter>Header Files</Filter>
    </ClInclude>
    <ClInclude Include="Source\CapsuleGeometry.h">
      <Filter>Header Files</Filter>
    </ClInclude>
    <ClInclude Include="Source\CapsuleObstacle.h">
      <Filter>Header Files</Filter>
    </ClInclude>
    <ClInclude Include="Source\ConstraintShaderTable.h">
      <Filter>Header Files</Filter>
    </ClInclude>
    <ClInclude Include="Source\ContactModifyCallback.h">
      <Filter>Header Files</Filter>
    </ClInclude>
    <ClInclude Include="Source\ContactModifyPair.h">
      <Filter>Header Files</Filter>
    </ClInclude>
    <ClInclude Include="Source\ContactPair.h">
      <Filter>Header Files</Filter>
    </ClInclude>
    <ClInclude Include="Source\ContactPairHeader.h">
      <Filter>Header Files</Filter>
    </ClInclude>
    <ClInclude Include="Source\ContactPairPoint.h">
      <Filter>Header Files</Filter>
    </ClInclude>
    <ClInclude Include="Source\ContactPatch.h">
      <Filter>Header Files</Filter>
    </ClInclude>
    <ClInclude Include="Source\ContactPatchBase.h">
      <Filter>Header Files</Filter>
    </ClInclude>
    <ClInclude Include="Source\ContactSet.h">
      <Filter>Header Files</Filter>
    </ClInclude>
    <ClInclude Include="Source\ControllerHit.h">
      <Filter>Header Files</Filter>
    </ClInclude>
    <ClInclude Include="Source\CharacterEnum.h">
      <Filter>Header Files</Filter>
    </ClInclude>
    <ClInclude Include="Source\Collection.h">
      <Filter>Header Files</Filter>
    </ClInclude>
    <ClInclude Include="Source\Constraint.h">
      <Filter>Header Files</Filter>
    </ClInclude>
    <ClInclude Include="Source\Constraint1D.h">
      <Filter>Header Files</Filter>
    </ClInclude>
    <ClInclude Include="Source\ConstraintConnector.h">
      <Filter>Header Files</Filter>
    </ClInclude>
    <ClInclude Include="Source\ConstraintDesc.h">
      <Filter>Header Files</Filter>
    </ClInclude>
    <ClInclude Include="Source\ControllerStats.h">
      <Filter>Header Files</Filter>
    </ClInclude>
    <ClInclude Include="Source\DominanceGroupPair.h">
      <Filter>Header Files</Filter>
    </ClInclude>
    <ClInclude Include="Source\ConstraintInfo.h">
      <Filter>Header Files</Filter>
    </ClInclude>
    <ClInclude Include="Source\ControllerState.h">
      <Filter>Header Files</Filter>
    </ClInclude>
    <ClInclude Include="Source\CudaContextManager.h">
      <Filter>Header Files</Filter>
    </ClInclude>
    <ClInclude Include="Source\CudaEnum.h">
      <Filter>Header Files</Filter>
    </ClInclude>
    <ClInclude Include="Source\ExtensionsEnum.h">
      <Filter>Header Files</Filter>
    </ClInclude>
    <ClInclude Include="Source\ExtendedContact.h">
      <Filter>Header Files</Filter>
    </ClInclude>
    <ClInclude Include="Source\FoundationEnum.h">
      <Filter>Header Files</Filter>
    </ClInclude>
    <ClInclude Include="Source\GeometryHolder.h">
      <Filter>Header Files</Filter>
    </ClInclude>
    <ClInclude Include="Source\GeometryQuery.h">
      <Filter>Header Files</Filter>
    </ClInclude>
    <ClInclude Include="Source\GpuLoadHookManager.h">
      <Filter>Header Files</Filter>
    </ClInclude>
    <ClInclude Include="Source\IGpuLoadHook.h">
      <Filter>Header Files</Filter>
    </ClInclude>
    <ClInclude Include="Source\HitCallback.h">
      <Filter>Header Files</Filter>
    </ClInclude>
    <ClInclude Include="Source\InternalOverlapCallback.h">
      <Filter>Header Files</Filter>
    </ClInclude>
    <ClInclude Include="Source\InternalRaycastCallback.h">
      <Filter>Header Files</Filter>
    </ClInclude>
    <ClInclude Include="Source\InternalSweepCallback.h">
      <Filter>Header Files</Filter>
    </ClInclude>
    <ClInclude Include="Source\IPhysXEntity.h">
      <Filter>Header Files</Filter>
    </ClInclude>
    <ClInclude Include="Source\IVehicleComputeTireForceInput.h">
      <Filter>Header Files</Filter>
    </ClInclude>
    <ClInclude Include="Source\IVehicleComputeTireForceOutput.h">
      <Filter>Header Files</Filter>
    </ClInclude>
    <ClInclude Include="Source\JointAngularLimitPair.h">
      <Filter>Header Files</Filter>
    </ClInclude>
    <ClInclude Include="Source\JointLinearLimit.h">
      <Filter>Header Files</Filter>
    </ClInclude>
    <ClInclude Include="Source\LinearAngularImpulseResult.h">
      <Filter>Header Files</Filter>
    </ClInclude>
    <ClInclude Include="Source\LinearSweepMultipleResult.h">
      <Filter>Header Files</Filter>
    </ClInclude>
    <ClInclude Include="Source\LinearSweepSingleResult.h">
      <Filter>Header Files</Filter>
    </ClInclude>
    <ClInclude Include="Source\MassProperties.h">
      <Filter>Header Files</Filter>
    </ClInclude>
    <ClInclude Include="Source\MidphaseDesc.h">
      <Filter>Header Files</Filter>
    </ClInclude>
    <ClInclude Include="Source\ModifiableContact.h">
      <Filter>Header Files</Filter>
    </ClInclude>
    <ClInclude Include="Source\Controller.h">
      <Filter>Header Files</Filter>
    </ClInclude>
    <ClInclude Include="Source\ControllerBehaviorCallback.h">
      <Filter>Header Files</Filter>
    </ClInclude>
    <ClInclude Include="Source\ControllerDesc.h">
      <Filter>Header Files</Filter>
    </ClInclude>
    <ClInclude Include="Source\ControllerEnum.h">
      <Filter>Header Files</Filter>
    </ClInclude>
    <ClInclude Include="Source\ControllerFilters.h">
      <Filter>Header Files</Filter>
    </ClInclude>
    <ClInclude Include="Source\ControllerManager.h">
      <Filter>Header Files</Filter>
    </ClInclude>
    <ClInclude Include="Source\ControllerObstacleHit.h">
      <Filter>Header Files</Filter>
    </ClInclude>
    <ClInclude Include="Source\ControllerShapeHit.h">
      <Filter>Header Files</Filter>
    </ClInclude>
    <ClInclude Include="Source\ControllersHit.h">
      <Filter>Header Files</Filter>
    </ClInclude>
    <ClInclude Include="Source\ConvexMesh.h">
      <Filter>Header Files</Filter>
    </ClInclude>
    <ClInclude Include="Source\ConvexMeshDesc.h">
      <Filter>Header Files</Filter>
    </ClInclude>
    <ClInclude Include="Source\ConvexMeshGeometry.h">
      <Filter>Header Files</Filter>
    </ClInclude>
    <ClInclude Include="Source\ConvexMeshMassInformation.h">
      <Filter>Header Files</Filter>
    </ClInclude>
    <ClInclude Include="Source\Cooking.h">
      <Filter>Header Files</Filter>
    </ClInclude>
    <ClInclude Include="Source\CookingEnum.h">
      <Filter>Header Files</Filter>
    </ClInclude>
    <ClInclude Include="Source\CookingParams.h">
      <Filter>Header Files</Filter>
    </ClInclude>
    <ClInclude Include="Source\D6Joint.h">
      <Filter>Header Files</Filter>
    </ClInclude>
    <ClInclude Include="Source\D6JointDrive.h">
      <Filter>Header Files</Filter>
    </ClInclude>
    <ClInclude Include="Source\DebugLine.h">
      <Filter>Header Files</Filter>
    </ClInclude>
    <ClInclude Include="Source\DebugPoint.h">
      <Filter>Header Files</Filter>
    </ClInclude>
    <ClInclude Include="Source\DebugText.h">
      <Filter>Header Files</Filter>
    </ClInclude>
    <ClInclude Include="Source\DebugTriangle.h">
      <Filter>Header Files</Filter>
    </ClInclude>
    <ClInclude Include="Source\DefaultMemoryInputData.h">
      <Filter>Header Files</Filter>
    </ClInclude>
    <ClInclude Include="Source\DeletionListener.h">
      <Filter>Header Files</Filter>
    </ClInclude>
    <ClInclude Include="Source\DistanceJoint.h">
      <Filter>Header Files</Filter>
    </ClInclude>
    <ClInclude Include="Source\EnumUtil.h">
      <Filter>Header Files</Filter>
    </ClInclude>
    <ClInclude Include="Source\ErrorCallback.h">
      <Filter>Header Files</Filter>
    </ClInclude>
    <ClInclude Include="Source\Pvd.h">
      <Filter>Header Files</Filter>
    </ClInclude>
    <ClInclude Include="Source\ConstraintEnum.h">
      <Filter>Header Files</Filter>
    </ClInclude>
    <ClInclude Include="Source\FoundationAlreadyInitalizedException.h">
      <Filter>Header Files</Filter>
    </ClInclude>
    <ClInclude Include="Source\ISerializable.h">
      <Filter>Header Files</Filter>
    </ClInclude>
    <ClInclude Include="Source\ObjectTableEventArgs.h">
      <Filter>Header Files</Filter>
    </ClInclude>
    <ClInclude Include="Source\ObjectTableOwnershipType.h">
      <Filter>Header Files</Filter>
    </ClInclude>
    <ClInclude Include="Source\Obstacle.h">
      <Filter>Header Files</Filter>
    </ClInclude>
    <ClInclude Include="Source\ObstacleContext.h">
      <Filter>Header Files</Filter>
    </ClInclude>
    <ClInclude Include="Source\OperationFailedException.h">
      <Filter>Header Files</Filter>
    </ClInclude>
    <ClInclude Include="Source\OverlapHit.h">
      <Filter>Header Files</Filter>
    </ClInclude>
    <ClInclude Include="Source\DefaultSimulationFilterShader.h">
      <Filter>Header Files</Filter>
    </ClInclude>
    <ClInclude Include="Source\RaycastCCDManager.h">
      <Filter>Header Files</Filter>
    </ClInclude>
    <ClInclude Include="Source\RigidActorExt.h">
      <Filter>Header Files</Filter>
    </ClInclude>
    <ClInclude Include="Source\SimulationFilterCallback.h">
      <Filter>Header Files</Filter>
    </ClInclude>
    <ClInclude Include="Source\SimulationFilterShader.h">
      <Filter>Header Files</Filter>
    </ClInclude>
    <ClInclude Include="Source\Transform.h">
      <Filter>Header Files</Filter>
    </ClInclude>
    <ClInclude Include="Source\TriangleMeshEnum.h">
      <Filter>Header Files</Filter>
    </ClInclude>
    <ClInclude Include="Source\VectorAndMatrixExtensions.h">
      <Filter>Header Files</Filter>
    </ClInclude>
    <ClInclude Include="Source\VehicleAntiRollBarData.h">
      <Filter>Header Files</Filter>
    </ClInclude>
    <ClInclude Include="Source\VehicleWheelConcurrentUpdateData.h">
      <Filter>Header Files</Filter>
    </ClInclude>
    <ClInclude Include="Source\QueryCache.h">
      <Filter>Header Files</Filter>
    </ClInclude>
    <ClInclude Include="Source\QueryFilterCallback.h">
      <Filter>Header Files</Filter>
    </ClInclude>
    <ClInclude Include="Source\RaycastQueryResult.h">
      <Filter>Header Files</Filter>
    </ClInclude>
    <ClInclude Include="Source\SceneLimits.h">
      <Filter>Header Files</Filter>
    </ClInclude>
    <ClInclude Include="Source\Serializable.h">
      <Filter>Header Files</Filter>
    </ClInclude>
    <ClInclude Include="Source\SerializableEnum.h">
      <Filter>Header Files</Filter>
    </ClInclude>
    <ClInclude Include="Source\Serialization.h">
      <Filter>Header Files</Filter>
    </ClInclude>
    <ClInclude Include="Source\SerializationRegistry.h">
      <Filter>Header Files</Filter>
    </ClInclude>
    <ClInclude Include="Source\ShapeUtil.h">
      <Filter>Header Files</Filter>
    </ClInclude>
    <ClInclude Include="Source\SimpleContact.h">
      <Filter>Header Files</Filter>
    </ClInclude>
    <ClInclude Include="Source\SimulationEventCallback.h">
      <Filter>Header Files</Filter>
    </ClInclude>
    <ClInclude Include="Source\SimulationFilterShaderOps.h">
      <Filter>Header Files</Filter>
    </ClInclude>
    <ClInclude Include="Source\Spring.h">
      <Filter>Header Files</Filter>
    </ClInclude>
    <ClInclude Include="Source\VehicleConcurrentUpdateData.h">
      <Filter>Header Files</Filter>
    </ClInclude>
    <ClInclude Include="Source\VehicleWheelsDynData.h">
      <Filter>Header Files</Filter>
    </ClInclude>
    <ClInclude Include="Source\VelocityDeltaFromImpulseResult.h">
      <Filter>Header Files</Filter>
    </ClInclude>
    <ClInclude Include="Source\VehicleDrive.h">
      <Filter>Header Files</Filter>
    </ClInclude>
    <ClInclude Include="Source\VehicleDrive4W.h">
      <Filter>Header Files</Filter>
    </ClInclude>
    <ClInclude Include="Source\VehicleDriveDynData.h">
      <Filter>Header Files</Filter>
    </ClInclude>
    <ClInclude Include="Source\VehicleDriveSimData.h">
      <Filter>Header Files</Filter>
    </ClInclude>
    <ClInclude Include="Source\VehicleDriveSimData4W.h">
      <Filter>Header Files</Filter>
    </ClInclude>
    <ClInclude Include="Source\VehicleSDK.h">
      <Filter>Header Files</Filter>
    </ClInclude>
    <ClInclude Include="Source\VehicleSDKNotInitializedException.h">
      <Filter>Header Files</Filter>
    </ClInclude>
    <ClInclude Include="Source\VehicleUtil.h">
      <Filter>Header Files</Filter>
    </ClInclude>
    <ClInclude Include="Source\VehicleWheelQueryResult.h">
      <Filter>Header Files</Filter>
    </ClInclude>
    <ClInclude Include="Source\VehicleWheels.h">
      <Filter>Header Files</Filter>
    </ClInclude>
    <ClInclude Include="Source\VehicleWheelsSimData.h">
      <Filter>Header Files</Filter>
    </ClInclude>
    <ClInclude Include="Source\PvdEnum.h">
      <Filter>Header Files</Filter>
    </ClInclude>
    <ClInclude Include="Source\FailedToCreateObjectException.h">
      <Filter>Header Files</Filter>
    </ClInclude>
    <ClInclude Include="Source\FilterData.h">
      <Filter>Header Files</Filter>
    </ClInclude>
    <ClInclude Include="Source\FixedJoint.h">
      <Filter>Header Files</Filter>
    </ClInclude>
    <ClInclude Include="Source\FixedSizeLookupTable.h">
      <Filter>Header Files</Filter>
    </ClInclude>
    <ClInclude Include="Source\FixedSizeLookupTablePair.h">
      <Filter>Header Files</Filter>
    </ClInclude>
    <ClInclude Include="Source\Foundation.h">
      <Filter>Header Files</Filter>
    </ClInclude>
    <ClInclude Include="Source\Geometry.h">
      <Filter>Header Files</Filter>
    </ClInclude>
    <ClInclude Include="Source\GeometryUtilEnum.h">
      <Filter>Header Files</Filter>
    </ClInclude>
    <ClInclude Include="Source\HeightField.h">
      <Filter>Header Files</Filter>
    </ClInclude>
    <ClInclude Include="Source\HeightFieldDesc.h">
      <Filter>Header Files</Filter>
    </ClInclude>
    <ClInclude Include="Source\HeightFieldEnum.h">
      <Filter>Header Files</Filter>
    </ClInclude>
    <ClInclude Include="Source\HeightFieldGeometry.h">
      <Filter>Header Files</Filter>
    </ClInclude>
    <ClInclude Include="Source\HeightFieldSample.h">
      <Filter>Header Files</Filter>
    </ClInclude>
    <ClInclude Include="Source\HullPolygon.h">
      <Filter>Header Files</Filter>
    </ClInclude>
    <ClInclude Include="Source\IDisposable.h">
      <Filter>Header Files</Filter>
    </ClInclude>
    <ClInclude Include="Source\InputData.h">
      <Filter>Header Files</Filter>
    </ClInclude>
    <ClInclude Include="Source\InputStream.h">
      <Filter>Header Files</Filter>
    </ClInclude>
    <ClInclude Include="Source\Joint.h">
      <Filter>Header Files</Filter>
    </ClInclude>
    <ClInclude Include="Source\JointEnum.h">
      <Filter>Header Files</Filter>
    </ClInclude>
    <ClInclude Include="Source\JointLimitCone.h">
      <Filter>Header Files</Filter>
    </ClInclude>
    <ClInclude Include="Source\JointLinearLimitPair.h">
      <Filter>Header Files</Filter>
    </ClInclude>
    <ClInclude Include="Source\JointLimitParameters.h">
      <Filter>Header Files</Filter>
    </ClInclude>
    <ClInclude Include="Source\LockedData.h">
      <Filter>Header Files</Filter>
    </ClInclude>
    <ClInclude Include="Source\Material.h">
      <Filter>Header Files</Filter>
    </ClInclude>
    <ClInclude Include="Source\MaterialEnum.h">
      <Filter>Header Files</Filter>
    </ClInclude>
    <ClInclude Include="Source\MathUtil.h">
      <Filter>Header Files</Filter>
    </ClInclude>
    <ClInclude Include="Source\MeshScale.h">
      <Filter>Header Files</Filter>
    </ClInclude>
    <ClInclude Include="Source\MultipleRaycastHitResult.h">
      <Filter>Header Files</Filter>
    </ClInclude>
    <ClInclude Include="Source\ObjectTable.h">
      <Filter>Header Files</Filter>
    </ClInclude>
    <ClInclude Include="Source\DefaultMemoryOutputStream.h">
      <Filter>Header Files</Filter>
    </ClInclude>
    <ClInclude Include="Source\OutputStream.h">
      <Filter>Header Files</Filter>
    </ClInclude>
    <ClInclude Include="Source\Physics.h">
      <Filter>Header Files</Filter>
    </ClInclude>
    <ClInclude Include="Source\PhysicsAlreadyInstantiatedException.h">
      <Filter>Header Files</Filter>
    </ClInclude>
    <ClInclude Include="Source\PhysicsEnum.h">
      <Filter>Header Files</Filter>
    </ClInclude>
    <ClInclude Include="Source\PhysXException.h">
      <Filter>Header Files</Filter>
    </ClInclude>
    <ClInclude Include="Source\PlaneGeometry.h">
      <Filter>Header Files</Filter>
    </ClInclude>
    <ClInclude Include="Source\PrismaticJoint.h">
      <Filter>Header Files</Filter>
    </ClInclude>
    <ClInclude Include="Source\RaycastHit.h">
      <Filter>Header Files</Filter>
    </ClInclude>
    <ClInclude Include="Source\RenderBuffer.h">
      <Filter>Header Files</Filter>
    </ClInclude>
    <ClInclude Include="Source\RevoluteJoint.h">
      <Filter>Header Files</Filter>
    </ClInclude>
    <ClInclude Include="Source\RigidActor.h">
      <Filter>Header Files</Filter>
    </ClInclude>
    <ClInclude Include="Source\RigidBody.h">
      <Filter>Header Files</Filter>
    </ClInclude>
    <ClInclude Include="Source\RigidDynamic.h">
      <Filter>Header Files</Filter>
    </ClInclude>
    <ClInclude Include="Source\RigidStatic.h">
      <Filter>Header Files</Filter>
    </ClInclude>
    <ClInclude Include="Source\RuntimeFileChecks.h">
      <Filter>Header Files</Filter>
    </ClInclude>
    <ClInclude Include="Source\Scene.h">
      <Filter>Header Files</Filter>
    </ClInclude>
    <ClInclude Include="Source\SceneCreationException.h">
      <Filter>Header Files</Filter>
    </ClInclude>
    <ClInclude Include="Source\SceneDesc.h">
      <Filter>Header Files</Filter>
    </ClInclude>
    <ClInclude Include="Source\SceneEnum.h">
      <Filter>Header Files</Filter>
    </ClInclude>
    <ClInclude Include="Source\QueryFilterData.h">
      <Filter>Header Files</Filter>
    </ClInclude>
    <ClInclude Include="Source\QueryHit.h">
      <Filter>Header Files</Filter>
    </ClInclude>
    <ClInclude Include="Source\LocationHit.h">
      <Filter>Header Files</Filter>
    </ClInclude>
    <ClInclude Include="Source\SceneSweepOperationObject.h">
      <Filter>Header Files</Filter>
    </ClInclude>
    <ClInclude Include="Source\Shape.h">
      <Filter>Header Files</Filter>
    </ClInclude>
    <ClInclude Include="Source\ShapeCreationException.h">
      <Filter>Header Files</Filter>
    </ClInclude>
    <ClInclude Include="Source\ShapeFlag.h">
      <Filter>Header Files</Filter>
    </ClInclude>
    <ClInclude Include="Source\SimpleTriangleMesh.h">
      <Filter>Header Files</Filter>
    </ClInclude>
    <ClInclude Include="Source\SimulationStatistics.h">
      <Filter>Header Files</Filter>
    </ClInclude>
    <ClInclude Include="Source\SolverIterationCounts.h">
      <Filter>Header Files</Filter>
    </ClInclude>
    <ClInclude Include="Source\SphereGeometry.h">
      <Filter>Header Files</Filter>
    </ClInclude>
    <ClInclude Include="Source\SphericalJoint.h">
      <Filter>Header Files</Filter>
    </ClInclude>
    <ClInclude Include="Source\StdAfx.h">
      <Filter>Header Files</Filter>
    </ClInclude>
    <ClInclude Include="Source\StreamExtensions.h">
      <Filter>Header Files</Filter>
    </ClInclude>
    <ClInclude Include="Source\SweepHit.h">
      <Filter>Header Files</Filter>
    </ClInclude>
    <ClInclude Include="Source\TolerancesScale.h">
      <Filter>Header Files</Filter>
    </ClInclude>
    <ClInclude Include="Source\TriangleMesh.h">
      <Filter>Header Files</Filter>
    </ClInclude>
    <ClInclude Include="Source\TriangleMeshDesc.h">
      <Filter>Header Files</Filter>
    </ClInclude>
    <ClInclude Include="Source\TriangleMeshGeometry.h">
      <Filter>Header Files</Filter>
    </ClInclude>
    <ClInclude Include="Source\TriggerPair.h">
      <Filter>Header Files</Filter>
    </ClInclude>
    <ClInclude Include="Source\UserControllerHitReport.h">
      <Filter>Header Files</Filter>
    </ClInclude>
    <ClInclude Include="Source\Util.h">
      <Filter>Header Files</Filter>
    </ClInclude>
    <ClInclude Include="Source\VehicleAckermannGeometryData.h">
      <Filter>Header Files</Filter>
    </ClInclude>
    <ClInclude Include="Source\VehicleAutoBoxData.h">
      <Filter>Header Files</Filter>
    </ClInclude>
    <ClInclude Include="Source\VehicleChassisData.h">
      <Filter>Header Files</Filter>
    </ClInclude>
    <ClInclude Include="Source\VehicleClutchData.h">
      <Filter>Header Files</Filter>
    </ClInclude>
    <ClInclude Include="Source\VehicleDifferential4WData.h">
      <Filter>Header Files</Filter>
    </ClInclude>
    <ClInclude Include="Source\VehicleEngineData.h">
      <Filter>Header Files</Filter>
    </ClInclude>
    <ClInclude Include="Source\VehicleEnum.h">
      <Filter>Header Files</Filter>
    </ClInclude>
    <ClInclude Include="Source\VehicleGearsData.h">
      <Filter>Header Files</Filter>
    </ClInclude>
    <ClInclude Include="Source\VehicleGraph.h">
      <Filter>Header Files</Filter>
    </ClInclude>
    <ClInclude Include="Source\VehicleGraphChannelDesc.h">
      <Filter>Header Files</Filter>
    </ClInclude>
    <ClInclude Include="Source\VehicleKeySmoothingData.h">
      <Filter>Header Files</Filter>
    </ClInclude>
    <ClInclude Include="Source\VehiclePadSmoothingData.h">
      <Filter>Header Files</Filter>
    </ClInclude>
    <ClInclude Include="Source\VehicleSuspensionData.h">
      <Filter>Header Files</Filter>
    </ClInclude>
    <ClInclude Include="Source\VehicleTyreData.h">
      <Filter>Header Files</Filter>
    </ClInclude>
    <ClInclude Include="Source\VehicleTireLoadFilterData.h">
      <Filter>Header Files</Filter>
    </ClInclude>
    <ClInclude Include="Source\VehicleWheelData.h">
      <Filter>Header Files</Filter>
    </ClInclude>
    <ClInclude Include="Source\VehicleWheelValues.h">
      <Filter>Header Files</Filter>
    </ClInclude>
    <ClInclude Include="Source\XmlParserOptions.h">
      <Filter>Header Files</Filter>
    </ClInclude>
    <ClInclude Include="Source\GeometryEnum.h">
      <Filter>Header Files</Filter>
    </ClInclude>
  </ItemGroup>
  <ItemGroup>
    <ClCompile Include="AssemblyInfo.cpp">
      <Filter>Source Files</Filter>
    </ClCompile>
    <ClCompile Include="Source\Actor.cpp">
      <Filter>Source Files</Filter>
    </ClCompile>
    <ClCompile Include="Source\ActorShape.cpp">
      <Filter>Source Files</Filter>
    </ClCompile>
    <ClCompile Include="Source\Aggregate.cpp">
      <Filter>Source Files</Filter>
    </ClCompile>
    <ClCompile Include="Source\Articulation.cpp">
      <Filter>Source Files</Filter>
    </ClCompile>
    <ClCompile Include="Source\ArticulationJoint.cpp">
      <Filter>Source Files</Filter>
    </ClCompile>
    <ClCompile Include="Source\ArticulationLink.cpp">
      <Filter>Source Files</Filter>
    </ClCompile>
    <ClCompile Include="Source\BatchQuery.cpp">
      <Filter>Source Files</Filter>
    </ClCompile>
    <ClCompile Include="Source\BitAndData.cpp">
      <Filter>Source Files</Filter>
    </ClCompile>
    <ClCompile Include="Source\Bounds3.cpp">
      <Filter>Source Files</Filter>
    </ClCompile>
    <ClCompile Include="Source\BoxController.cpp">
      <Filter>Source Files</Filter>
    </ClCompile>
    <ClCompile Include="Source\BoxControllerDesc.cpp">
      <Filter>Source Files</Filter>
    </ClCompile>
    <ClCompile Include="Source\BoxObstacle.cpp">
      <Filter>Source Files</Filter>
    </ClCompile>
    <ClCompile Include="Source\BroadPhase.cpp">
      <Filter>Source Files</Filter>
    </ClCompile>
    <ClCompile Include="Source\BroadPhaseCallback.cpp">
      <Filter>Source Files</Filter>
    </ClCompile>
    <ClCompile Include="Source\BroadPhaseExt.cpp">
      <Filter>Source Files</Filter>
    </ClCompile>
    <ClCompile Include="Source\Bvh33MidphaseDesc.cpp">
      <Filter>Source Files</Filter>
    </ClCompile>
    <ClCompile Include="Source\Bvh34MidphaseDesc.cpp">
      <Filter>Source Files</Filter>
    </ClCompile>
    <ClCompile Include="Source\CapsuleController.cpp">
      <Filter>Source Files</Filter>
    </ClCompile>
    <ClCompile Include="Source\CapsuleControllerDesc.cpp">
      <Filter>Source Files</Filter>
    </ClCompile>
    <ClCompile Include="Source\CapsuleObstacle.cpp">
      <Filter>Source Files</Filter>
    </ClCompile>
    <ClCompile Include="Source\ConstraintShaderTable.cpp">
      <Filter>Source Files</Filter>
    </ClCompile>
    <ClCompile Include="Source\ContactModifyCallback.cpp">
      <Filter>Source Files</Filter>
    </ClCompile>
    <ClCompile Include="Source\ContactModifyPair.cpp">
      <Filter>Source Files</Filter>
    </ClCompile>
    <ClCompile Include="Source\ContactPair.cpp">
      <Filter>Source Files</Filter>
    </ClCompile>
    <ClCompile Include="Source\ContactPairHeader.cpp">
      <Filter>Source Files</Filter>
    </ClCompile>
    <ClCompile Include="Source\ContactPairPoint.cpp">
      <Filter>Source Files</Filter>
    </ClCompile>
    <ClCompile Include="Source\ContactPatch.cpp">
      <Filter>Source Files</Filter>
    </ClCompile>
    <ClCompile Include="Source\ContactPatchBase.cpp">
      <Filter>Source Files</Filter>
    </ClCompile>
    <ClCompile Include="Source\ContactSet.cpp">
      <Filter>Source Files</Filter>
    </ClCompile>
    <ClCompile Include="Source\ControllerHit.cpp">
      <Filter>Source Files</Filter>
    </ClCompile>
    <ClCompile Include="Source\Collection.cpp">
      <Filter>Source Files</Filter>
    </ClCompile>
    <ClCompile Include="Source\Constraint.cpp">
      <Filter>Source Files</Filter>
    </ClCompile>
    <ClCompile Include="Source\Constraint1D.cpp">
      <Filter>Source Files</Filter>
    </ClCompile>
    <ClCompile Include="Source\ConstraintConnector.cpp">
      <Filter>Source Files</Filter>
    </ClCompile>
    <ClCompile Include="Source\ConstraintDesc.cpp">
      <Filter>Source Files</Filter>
    </ClCompile>
    <ClCompile Include="Source\ControllerStats.cpp">
      <Filter>Source Files</Filter>
    </ClCompile>
    <ClCompile Include="Source\DominanceGroupPair.cpp">
      <Filter>Source Files</Filter>
    </ClCompile>
    <ClCompile Include="Source\ConstraintInfo.cpp">
      <Filter>Source Files</Filter>
    </ClCompile>
    <ClCompile Include="Source\ControllerState.cpp">
      <Filter>Source Files</Filter>
    </ClCompile>
    <ClCompile Include="Source\CudaContextManager.cpp">
      <Filter>Source Files</Filter>
    </ClCompile>
    <ClCompile Include="Source\ExtendedContact.cpp">
      <Filter>Source Files</Filter>
    </ClCompile>
    <ClCompile Include="Source\GeometryHolder.cpp">
      <Filter>Source Files</Filter>
    </ClCompile>
    <ClCompile Include="Source\GeometryQuery.cpp">
      <Filter>Source Files</Filter>
    </ClCompile>
    <ClCompile Include="Source\GpuLoadHookManager.cpp">
      <Filter>Source Files</Filter>
    </ClCompile>
    <ClCompile Include="Source\IGpuLoadHook.cpp">
      <Filter>Source Files</Filter>
    </ClCompile>
    <ClCompile Include="Source\InternalOverlapCallback.cpp">
      <Filter>Source Files</Filter>
    </ClCompile>
    <ClCompile Include="Source\InternalRaycastCallback.cpp">
      <Filter>Source Files</Filter>
    </ClCompile>
    <ClCompile Include="Source\InternalSweepCallback.cpp">
      <Filter>Source Files</Filter>
    </ClCompile>
    <ClCompile Include="Source\IVehicleComputeTireForceInput.cpp">
      <Filter>Source Files</Filter>
    </ClCompile>
    <ClCompile Include="Source\IVehicleComputeTireForceOutput.cpp">
      <Filter>Source Files</Filter>
    </ClCompile>
    <ClCompile Include="Source\JointAngularLimitPair.cpp">
      <Filter>Source Files</Filter>
    </ClCompile>
    <ClCompile Include="Source\JointLinearLimit.cpp">
      <Filter>Source Files</Filter>
    </ClCompile>
    <ClCompile Include="Source\MassProperties.cpp">
      <Filter>Source Files</Filter>
    </ClCompile>
    <ClCompile Include="Source\MidphaseDesc.cpp">
      <Filter>Source Files</Filter>
    </ClCompile>
    <ClCompile Include="Source\ModifiableContact.cpp">
      <Filter>Source Files</Filter>
    </ClCompile>
    <ClCompile Include="Source\Controller.cpp">
      <Filter>Source Files</Filter>
    </ClCompile>
    <ClCompile Include="Source\ControllerBehaviorCallback.cpp">
      <Filter>Source Files</Filter>
    </ClCompile>
    <ClCompile Include="Source\ControllerDesc.cpp">
      <Filter>Source Files</Filter>
    </ClCompile>
    <ClCompile Include="Source\ControllerFilters.cpp">
      <Filter>Source Files</Filter>
    </ClCompile>
    <ClCompile Include="Source\ControllerManager.cpp">
      <Filter>Source Files</Filter>
    </ClCompile>
    <ClCompile Include="Source\ControllerObstacleHit.cpp">
      <Filter>Source Files</Filter>
    </ClCompile>
    <ClCompile Include="Source\ControllerShapeHit.cpp">
      <Filter>Source Files</Filter>
    </ClCompile>
    <ClCompile Include="Source\ControllersHit.cpp">
      <Filter>Source Files</Filter>
    </ClCompile>
    <ClCompile Include="Source\ConvexMesh.cpp">
      <Filter>Source Files</Filter>
    </ClCompile>
    <ClCompile Include="Source\ConvexMeshDesc.cpp">
      <Filter>Source Files</Filter>
    </ClCompile>
    <ClCompile Include="Source\ConvexMeshGeometry.cpp">
      <Filter>Source Files</Filter>
    </ClCompile>
    <ClCompile Include="Source\Cooking.cpp">
      <Filter>Source Files</Filter>
    </ClCompile>
    <ClCompile Include="Source\CookingParams.cpp">
      <Filter>Source Files</Filter>
    </ClCompile>
    <ClCompile Include="Source\D6Joint.cpp">
      <Filter>Source Files</Filter>
    </ClCompile>
    <ClCompile Include="Source\D6JointDrive.cpp">
      <Filter>Source Files</Filter>
    </ClCompile>
    <ClCompile Include="Source\DebugLine.cpp">
      <Filter>Source Files</Filter>
    </ClCompile>
    <ClCompile Include="Source\DebugPoint.cpp">
      <Filter>Source Files</Filter>
    </ClCompile>
    <ClCompile Include="Source\DebugText.cpp">
      <Filter>Source Files</Filter>
    </ClCompile>
    <ClCompile Include="Source\DebugTriangle.cpp">
      <Filter>Source Files</Filter>
    </ClCompile>
    <ClCompile Include="Source\DefaultMemoryInputData.cpp">
      <Filter>Source Files</Filter>
    </ClCompile>
    <ClCompile Include="Source\DistanceJoint.cpp">
      <Filter>Source Files</Filter>
    </ClCompile>
    <ClCompile Include="Source\ErrorCallback.cpp">
      <Filter>Source Files</Filter>
    </ClCompile>
    <ClCompile Include="Source\FixedJoint.cpp">
      <Filter>Source Files</Filter>
    </ClCompile>
    <ClCompile Include="Source\FixedSizeLookupTable.cpp">
      <Filter>Source Files</Filter>
    </ClCompile>
    <ClCompile Include="Source\Foundation.cpp">
      <Filter>Source Files</Filter>
    </ClCompile>
    <ClCompile Include="Source\HeightField.cpp">
      <Filter>Source Files</Filter>
    </ClCompile>
    <ClCompile Include="Source\HeightFieldDesc.cpp">
      <Filter>Source Files</Filter>
    </ClCompile>
    <ClCompile Include="Source\HeightFieldGeometry.cpp">
      <Filter>Source Files</Filter>
    </ClCompile>
    <ClCompile Include="Source\HeightFieldSample.cpp">
      <Filter>Source Files</Filter>
    </ClCompile>
    <ClCompile Include="Source\HullPolygon.cpp">
      <Filter>Source Files</Filter>
    </ClCompile>
    <ClCompile Include="Source\InputData.cpp">
      <Filter>Source Files</Filter>
    </ClCompile>
    <ClCompile Include="Source\InputStream.cpp">
      <Filter>Source Files</Filter>
    </ClCompile>
    <ClCompile Include="Source\Joint.cpp">
      <Filter>Source Files</Filter>
    </ClCompile>
    <ClCompile Include="Source\JointLimitCone.cpp">
      <Filter>Source Files</Filter>
    </ClCompile>
    <ClCompile Include="Source\JointLinearLimitPair.cpp">
      <Filter>Source Files</Filter>
    </ClCompile>
    <ClCompile Include="Source\JointLimitParameters.cpp">
      <Filter>Source Files</Filter>
    </ClCompile>
    <ClCompile Include="Source\LockedData.cpp">
      <Filter>Source Files</Filter>
    </ClCompile>
    <ClCompile Include="Source\MeshScale.cpp">
      <Filter>Source Files</Filter>
    </ClCompile>
    <ClCompile Include="Source\ObjectTable.Disposal.cpp">
      <Filter>Source Files</Filter>
    </ClCompile>
    <ClCompile Include="Source\ObjectTable.Get.cpp">
      <Filter>Source Files</Filter>
    </ClCompile>
    <ClCompile Include="Source\DefaultMemoryOutputStream.cpp">
      <Filter>Source Files</Filter>
    </ClCompile>
    <ClCompile Include="Source\Obstacle.cpp">
      <Filter>Source Files</Filter>
    </ClCompile>
    <ClCompile Include="Source\ObstacleContext.cpp">
      <Filter>Source Files</Filter>
    </ClCompile>
    <ClCompile Include="Source\OperationFailedException.cpp">
      <Filter>Source Files</Filter>
    </ClCompile>
    <ClCompile Include="Source\OutputStream.cpp">
      <Filter>Source Files</Filter>
    </ClCompile>
    <ClCompile Include="Source\OverlapHit.cpp">
      <Filter>Source Files</Filter>
    </ClCompile>
    <ClCompile Include="Source\PhysXEntity.cpp">
      <Filter>Source Files</Filter>
    </ClCompile>
    <ClCompile Include="Source\PrismaticJoint.cpp">
      <Filter>Source Files</Filter>
    </ClCompile>
    <ClCompile Include="Source\QueryCache.cpp">
      <Filter>Source Files</Filter>
    </ClCompile>
    <ClCompile Include="Source\QueryFilterCallback.cpp">
      <Filter>Source Files</Filter>
    </ClCompile>
    <ClCompile Include="Source\RaycastCCDManager.cpp">
      <Filter>Source Files</Filter>
    </ClCompile>
    <ClCompile Include="Source\RaycastHit.cpp">
      <Filter>Source Files</Filter>
    </ClCompile>
    <ClCompile Include="Source\RaycastQueryResult.cpp">
      <Filter>Source Files</Filter>
    </ClCompile>
    <ClCompile Include="Source\RenderBuffer.cpp">
      <Filter>Source Files</Filter>
    </ClCompile>
    <ClCompile Include="Source\RevoluteJoint.cpp">
      <Filter>Source Files</Filter>
    </ClCompile>
    <ClCompile Include="Source\RigidActorExt.cpp">
      <Filter>Source Files</Filter>
    </ClCompile>
    <ClCompile Include="Source\RigidBody.cpp">
      <Filter>Source Files</Filter>
    </ClCompile>
    <ClCompile Include="Source\RigidDynamic.cpp">
      <Filter>Source Files</Filter>
    </ClCompile>
    <ClCompile Include="Source\RigidStatic.cpp">
      <Filter>Source Files</Filter>
    </ClCompile>
    <ClCompile Include="Source\RuntimeFileChecks.cpp">
      <Filter>Source Files</Filter>
    </ClCompile>
    <ClCompile Include="Source\LocationHit.cpp">
      <Filter>Source Files</Filter>
    </ClCompile>
    <ClCompile Include="Source\SceneLimits.cpp">
      <Filter>Source Files</Filter>
    </ClCompile>
    <ClCompile Include="Source\SceneSweepOperationObject.cpp">
      <Filter>Source Files</Filter>
    </ClCompile>
    <ClCompile Include="Source\Serializable.cpp">
      <Filter>Source Files</Filter>
    </ClCompile>
    <ClCompile Include="Source\Serialization.cpp">
      <Filter>Source Files</Filter>
    </ClCompile>
    <ClCompile Include="Source\SerializationRegistry.cpp">
      <Filter>Source Files</Filter>
    </ClCompile>
    <ClCompile Include="Source\ShapeUtil.cpp">
      <Filter>Source Files</Filter>
    </ClCompile>
    <ClCompile Include="Source\SimpleContact.cpp">
      <Filter>Source Files</Filter>
    </ClCompile>
    <ClCompile Include="Source\SimpleTriangleMesh.cpp">
      <Filter>Source Files</Filter>
    </ClCompile>
    <ClCompile Include="Source\SimulationEventCallback.cpp">
      <Filter>Source Files</Filter>
    </ClCompile>
    <ClCompile Include="Source\DefaultSimulationFilterShader.cpp">
      <Filter>Source Files</Filter>
    </ClCompile>
    <ClCompile Include="Source\SimulationFilterCallback.cpp">
      <Filter>Source Files</Filter>
    </ClCompile>
    <ClCompile Include="Source\SimulationFilterShader.cpp">
      <Filter>Source Files</Filter>
    </ClCompile>
    <ClCompile Include="Source\SimulationStatistics.cpp">
      <Filter>Source Files</Filter>
    </ClCompile>
    <ClCompile Include="Source\SphericalJoint.cpp">
      <Filter>Source Files</Filter>
    </ClCompile>
    <ClCompile Include="Source\Spring.cpp">
      <Filter>Source Files</Filter>
    </ClCompile>
    <ClCompile Include="Source\StdAfx.cpp">
      <Filter>Source Files</Filter>
    </ClCompile>
    <ClCompile Include="Source\StreamExtensions.cpp">
      <Filter>Source Files</Filter>
    </ClCompile>
    <ClCompile Include="Source\Transform.cpp">
      <Filter>Source Files</Filter>
    </ClCompile>
    <ClCompile Include="Source\TriangleMeshEnum.cpp">
      <Filter>Source Files</Filter>
    </ClCompile>
    <ClCompile Include="Source\VectorAndMatrixExtensions.cpp">
      <Filter>Source Files</Filter>
    </ClCompile>
    <ClCompile Include="Source\VehicleAntiRollBarData.cpp">
      <Filter>Source Files</Filter>
    </ClCompile>
    <ClCompile Include="Source\VehicleConcurrentUpdateData.cpp">
      <Filter>Source Files</Filter>
    </ClCompile>
    <ClCompile Include="Source\VehicleWheelConcurrentUpdateData.cpp">
      <Filter>Source Files</Filter>
    </ClCompile>
    <ClCompile Include="Source\VehicleWheelsDynData.cpp">
      <Filter>Source Files</Filter>
    </ClCompile>
    <ClCompile Include="Source\SweepHit.cpp">
      <Filter>Source Files</Filter>
    </ClCompile>
    <ClCompile Include="Source\TriangleMesh.cpp">
      <Filter>Source Files</Filter>
    </ClCompile>
    <ClCompile Include="Source\TriangleMeshDesc.cpp">
      <Filter>Source Files</Filter>
    </ClCompile>
    <ClCompile Include="Source\TriangleMeshGeometry.cpp">
      <Filter>Source Files</Filter>
    </ClCompile>
    <ClCompile Include="Source\TriggerPair.cpp">
      <Filter>Source Files</Filter>
    </ClCompile>
    <ClCompile Include="Source\UserControllerHitReport.cpp">
      <Filter>Source Files</Filter>
    </ClCompile>
    <ClCompile Include="Source\VehicleAckermannGeometryData.cpp">
      <Filter>Source Files</Filter>
    </ClCompile>
    <ClCompile Include="Source\VehicleAutoBoxData.cpp">
      <Filter>Source Files</Filter>
    </ClCompile>
    <ClCompile Include="Source\VehicleChassisData.cpp">
      <Filter>Source Files</Filter>
    </ClCompile>
    <ClCompile Include="Source\VehicleClutchData.cpp">
      <Filter>Source Files</Filter>
    </ClCompile>
    <ClCompile Include="Source\VehicleDifferential4WData.cpp">
      <Filter>Source Files</Filter>
    </ClCompile>
    <ClCompile Include="Source\VehicleDrive.cpp">
      <Filter>Source Files</Filter>
    </ClCompile>
    <ClCompile Include="Source\VehicleDrive4W.cpp">
      <Filter>Source Files</Filter>
    </ClCompile>
    <ClCompile Include="Source\VehicleDriveDynData.cpp">
      <Filter>Source Files</Filter>
    </ClCompile>
    <ClCompile Include="Source\VehicleDriveSimData.cpp">
      <Filter>Source Files</Filter>
    </ClCompile>
    <ClCompile Include="Source\VehicleDriveSimData4W.cpp">
      <Filter>Source Files</Filter>
    </ClCompile>
    <ClCompile Include="Source\VehicleEngineData.cpp">
      <Filter>Source Files</Filter>
    </ClCompile>
    <ClCompile Include="Source\VehicleGearsData.cpp">
      <Filter>Source Files</Filter>
    </ClCompile>
    <ClCompile Include="Source\VehicleGraph.cpp">
      <Filter>Source Files</Filter>
    </ClCompile>
    <ClCompile Include="Source\VehicleGraphChannelDesc.cpp">
      <Filter>Source Files</Filter>
    </ClCompile>
    <ClCompile Include="Source\VehicleKeySmoothingData.cpp">
      <Filter>Source Files</Filter>
    </ClCompile>
    <ClCompile Include="Source\VehiclePadSmoothingData.cpp">
      <Filter>Source Files</Filter>
    </ClCompile>
    <ClCompile Include="Source\VehicleSDK.cpp">
      <Filter>Source Files</Filter>
    </ClCompile>
    <ClCompile Include="Source\VehicleSuspensionData.cpp">
      <Filter>Source Files</Filter>
    </ClCompile>
    <ClCompile Include="Source\VehicleTyreData.cpp">
      <Filter>Source Files</Filter>
    </ClCompile>
    <ClCompile Include="Source\VehicleTireLoadFilterData.cpp">
      <Filter>Source Files</Filter>
    </ClCompile>
    <ClCompile Include="Source\VehicleWheelData.cpp">
      <Filter>Source Files</Filter>
    </ClCompile>
    <ClCompile Include="Source\VehicleWheelQueryResult.cpp">
      <Filter>Source Files</Filter>
    </ClCompile>
    <ClCompile Include="Source\VehicleWheels.cpp">
      <Filter>Source Files</Filter>
    </ClCompile>
    <ClCompile Include="Source\VehicleWheelsSimData.cpp">
      <Filter>Source Files</Filter>
    </ClCompile>
    <ClCompile Include="Source\VehicleWheelValues.cpp">
      <Filter>Source Files</Filter>
    </ClCompile>
    <ClCompile Include="Source\Pvd.cpp">
      <Filter>Source Files</Filter>
    </ClCompile>
    <ClCompile Include="Source\XmlParserOptions.cpp">
      <Filter>Source Files</Filter>
    </ClCompile>
    <ClCompile Include="Source\BoxGeometry.cpp">
      <Filter>Source Files</Filter>
    </ClCompile>
    <ClCompile Include="Source\CapsuleGeometry.cpp">
      <Filter>Source Files</Filter>
    </ClCompile>
    <ClCompile Include="Source\FilterData.cpp">
      <Filter>Source Files</Filter>
    </ClCompile>
    <ClCompile Include="Source\Geometry.cpp">
      <Filter>Source Files</Filter>
    </ClCompile>
    <ClCompile Include="Source\Material.cpp">
      <Filter>Source Files</Filter>
    </ClCompile>
    <ClCompile Include="Source\MathUtil.cpp">
      <Filter>Source Files</Filter>
    </ClCompile>
    <ClCompile Include="Source\ObjectTable.cpp">
      <Filter>Source Files</Filter>
    </ClCompile>
    <ClCompile Include="Source\Physics.cpp">
      <Filter>Source Files</Filter>
    </ClCompile>
    <ClCompile Include="Source\PlaneGeometry.cpp">
      <Filter>Source Files</Filter>
    </ClCompile>
    <ClCompile Include="Source\RigidActor.cpp">
      <Filter>Source Files</Filter>
    </ClCompile>
    <ClCompile Include="Source\Scene.cpp">
      <Filter>Source Files</Filter>
    </ClCompile>
    <ClCompile Include="Source\SceneDesc.cpp">
      <Filter>Source Files</Filter>
    </ClCompile>
    <ClCompile Include="Source\QueryFilterData.cpp">
      <Filter>Source Files</Filter>
    </ClCompile>
    <ClCompile Include="Source\QueryHit.cpp">
      <Filter>Source Files</Filter>
    </ClCompile>
    <ClCompile Include="Source\Shape.cpp">
      <Filter>Source Files</Filter>
    </ClCompile>
    <ClCompile Include="Source\SphereGeometry.cpp">
      <Filter>Source Files</Filter>
    </ClCompile>
    <ClCompile Include="Source\TolerancesScale.cpp">
      <Filter>Source Files</Filter>
    </ClCompile>
    <ClCompile Include="Source\Util.cpp">
      <Filter>Source Files</Filter>
    </ClCompile>
  </ItemGroup>
  <ItemGroup>
    <ResourceCompile Include="app.rc">
      <Filter>Resource Files</Filter>
    </ResourceCompile>
  </ItemGroup>
  <ItemGroup>
    <Image Include="app.ico">
      <Filter>Resource Files</Filter>
    </Image>
  </ItemGroup>
</Project>